// !$*UTF8*$!
{
	archiveVersion = 1;
	classes = {
	};
	objectVersion = 51;
	objects = {

/* Begin PBXBuildFile section */
		1C48F796A866555462F05670 /* Pods_CoutionMap2.framework in Frameworks */ = {isa = PBXBuildFile; fileRef = 114C14A61C2FDEB855B9EE94 /* Pods_CoutionMap2.framework */; };
		810DD0A023E446A6009F127A /* LocationManager.swift in Sources */ = {isa = PBXBuildFile; fileRef = 810DD09F23E446A6009F127A /* LocationManager.swift */; };
		81F0D53223D99CDB007B4C50 /* GoogleService-Info.plist in Resources */ = {isa = PBXBuildFile; fileRef = 81F0D53123D99CDB007B4C50 /* GoogleService-Info.plist */; };
		8F23BA5F23584CBE00444ED0 /* CoreLocation.framework in Frameworks */ = {isa = PBXBuildFile; fileRef = 8F23BA5E23584CBE00444ED0 /* CoreLocation.framework */; };
		8F23BA6123584CC700444ED0 /* MapKit.framework in Frameworks */ = {isa = PBXBuildFile; fileRef = 8F23BA6023584CC700444ED0 /* MapKit.framework */; };
		8F3AFCC423570FCE00CDD3F7 /* AppDelegate.swift in Sources */ = {isa = PBXBuildFile; fileRef = 8F3AFCC323570FCE00CDD3F7 /* AppDelegate.swift */; };
		8F3AFCC623570FCE00CDD3F7 /* SceneDelegate.swift in Sources */ = {isa = PBXBuildFile; fileRef = 8F3AFCC523570FCE00CDD3F7 /* SceneDelegate.swift */; };
		8F3AFCC823570FCE00CDD3F7 /* ViewController.swift in Sources */ = {isa = PBXBuildFile; fileRef = 8F3AFCC723570FCE00CDD3F7 /* ViewController.swift */; };
		8F3AFCCB23570FCE00CDD3F7 /* Main.storyboard in Resources */ = {isa = PBXBuildFile; fileRef = 8F3AFCC923570FCE00CDD3F7 /* Main.storyboard */; };
		8F3AFCCD23570FCF00CDD3F7 /* Assets.xcassets in Resources */ = {isa = PBXBuildFile; fileRef = 8F3AFCCC23570FCF00CDD3F7 /* Assets.xcassets */; };
		8F3AFCD023570FCF00CDD3F7 /* LaunchScreen.storyboard in Resources */ = {isa = PBXBuildFile; fileRef = 8F3AFCCE23570FCF00CDD3F7 /* LaunchScreen.storyboard */; };
/* End PBXBuildFile section */

/* Begin PBXFileReference section */
		005565DB731AC7ABAAE86310 /* Pods-CoutionMap2.debug.xcconfig */ = {isa = PBXFileReference; includeInIndex = 1; lastKnownFileType = text.xcconfig; name = "Pods-CoutionMap2.debug.xcconfig"; path = "Target Support Files/Pods-CoutionMap2/Pods-CoutionMap2.debug.xcconfig"; sourceTree = "<group>"; };
		114C14A61C2FDEB855B9EE94 /* Pods_CoutionMap2.framework */ = {isa = PBXFileReference; explicitFileType = wrapper.framework; includeInIndex = 0; path = Pods_CoutionMap2.framework; sourceTree = BUILT_PRODUCTS_DIR; };
		79346147BC8DE22085E0ECB4 /* Pods-CoutionMap2.release.xcconfig */ = {isa = PBXFileReference; includeInIndex = 1; lastKnownFileType = text.xcconfig; name = "Pods-CoutionMap2.release.xcconfig"; path = "Target Support Files/Pods-CoutionMap2/Pods-CoutionMap2.release.xcconfig"; sourceTree = "<group>"; };
		810DD09F23E446A6009F127A /* LocationManager.swift */ = {isa = PBXFileReference; lastKnownFileType = sourcecode.swift; path = LocationManager.swift; sourceTree = "<group>"; };
		81F0D53123D99CDB007B4C50 /* GoogleService-Info.plist */ = {isa = PBXFileReference; fileEncoding = 4; lastKnownFileType = text.plist.xml; name = "GoogleService-Info.plist"; path = "../../../../Downloads/GoogleService-Info.plist"; sourceTree = "<group>"; };
		8F23BA5E23584CBE00444ED0 /* CoreLocation.framework */ = {isa = PBXFileReference; lastKnownFileType = wrapper.framework; name = CoreLocation.framework; path = System/Library/Frameworks/CoreLocation.framework; sourceTree = SDKROOT; };
		8F23BA6023584CC700444ED0 /* MapKit.framework */ = {isa = PBXFileReference; lastKnownFileType = wrapper.framework; name = MapKit.framework; path = System/Library/Frameworks/MapKit.framework; sourceTree = SDKROOT; };
		8F3AFCC023570FCE00CDD3F7 /* CoutionMap2.app */ = {isa = PBXFileReference; explicitFileType = wrapper.application; includeInIndex = 0; path = CoutionMap2.app; sourceTree = BUILT_PRODUCTS_DIR; };
		8F3AFCC323570FCE00CDD3F7 /* AppDelegate.swift */ = {isa = PBXFileReference; lastKnownFileType = sourcecode.swift; path = AppDelegate.swift; sourceTree = "<group>"; };
		8F3AFCC523570FCE00CDD3F7 /* SceneDelegate.swift */ = {isa = PBXFileReference; lastKnownFileType = sourcecode.swift; path = SceneDelegate.swift; sourceTree = "<group>"; };
		8F3AFCC723570FCE00CDD3F7 /* ViewController.swift */ = {isa = PBXFileReference; lastKnownFileType = sourcecode.swift; path = ViewController.swift; sourceTree = "<group>"; };
		8F3AFCCA23570FCE00CDD3F7 /* Base */ = {isa = PBXFileReference; lastKnownFileType = file.storyboard; name = Base; path = Base.lproj/Main.storyboard; sourceTree = "<group>"; };
		8F3AFCCC23570FCF00CDD3F7 /* Assets.xcassets */ = {isa = PBXFileReference; lastKnownFileType = folder.assetcatalog; path = Assets.xcassets; sourceTree = "<group>"; };
		8F3AFCCF23570FCF00CDD3F7 /* Base */ = {isa = PBXFileReference; lastKnownFileType = file.storyboard; name = Base; path = Base.lproj/LaunchScreen.storyboard; sourceTree = "<group>"; };
		8F3AFCD123570FCF00CDD3F7 /* Info.plist */ = {isa = PBXFileReference; lastKnownFileType = text.plist.xml; path = Info.plist; sourceTree = "<group>"; };
/* End PBXFileReference section */

/* Begin PBXFrameworksBuildPhase section */
		8F3AFCBD23570FCE00CDD3F7 /* Frameworks */ = {
			isa = PBXFrameworksBuildPhase;
			buildActionMask = 2147483647;
			files = (
				8F23BA6123584CC700444ED0 /* MapKit.framework in Frameworks */,
				8F23BA5F23584CBE00444ED0 /* CoreLocation.framework in Frameworks */,
				1C48F796A866555462F05670 /* Pods_CoutionMap2.framework in Frameworks */,
			);
			runOnlyForDeploymentPostprocessing = 0;
		};
/* End PBXFrameworksBuildPhase section */

/* Begin PBXGroup section */
		8F23BA5D23584CBE00444ED0 /* Frameworks */ = {
			isa = PBXGroup;
			children = (
				8F23BA6023584CC700444ED0 /* MapKit.framework */,
				8F23BA5E23584CBE00444ED0 /* CoreLocation.framework */,
				114C14A61C2FDEB855B9EE94 /* Pods_CoutionMap2.framework */,
			);
			name = Frameworks;
			sourceTree = "<group>";
		};
		8F3AFCB723570FCE00CDD3F7 = {
			isa = PBXGroup;
			children = (
				8F3AFCC223570FCE00CDD3F7 /* CoutionMap2 */,
				8F3AFCC123570FCE00CDD3F7 /* Products */,
				8F23BA5D23584CBE00444ED0 /* Frameworks */,
				D7DC3C6543F93B0E17DE9996 /* Pods */,
			);
			sourceTree = "<group>";
		};
		8F3AFCC123570FCE00CDD3F7 /* Products */ = {
			isa = PBXGroup;
			children = (
				8F3AFCC023570FCE00CDD3F7 /* CoutionMap2.app */,
			);
			name = Products;
			sourceTree = "<group>";
		};
		8F3AFCC223570FCE00CDD3F7 /* CoutionMap2 */ = {
			isa = PBXGroup;
			children = (
				8F3AFCC323570FCE00CDD3F7 /* AppDelegate.swift */,
				8F3AFCC523570FCE00CDD3F7 /* SceneDelegate.swift */,
				8F3AFCC723570FCE00CDD3F7 /* ViewController.swift */,
				810DD09F23E446A6009F127A /* LocationManager.swift */,
				8F3AFCC923570FCE00CDD3F7 /* Main.storyboard */,
				8F3AFCCC23570FCF00CDD3F7 /* Assets.xcassets */,
				8F3AFCCE23570FCF00CDD3F7 /* LaunchScreen.storyboard */,
				8F3AFCD123570FCF00CDD3F7 /* Info.plist */,
				81F0D53123D99CDB007B4C50 /* GoogleService-Info.plist */,
			);
			path = CoutionMap2;
			sourceTree = "<group>";
		};
		D7DC3C6543F93B0E17DE9996 /* Pods */ = {
			isa = PBXGroup;
			children = (
				005565DB731AC7ABAAE86310 /* Pods-CoutionMap2.debug.xcconfig */,
				79346147BC8DE22085E0ECB4 /* Pods-CoutionMap2.release.xcconfig */,
			);
			path = Pods;
			sourceTree = "<group>";
		};
/* End PBXGroup section */

/* Begin PBXNativeTarget section */
		8F3AFCBF23570FCE00CDD3F7 /* CoutionMap2 */ = {
			isa = PBXNativeTarget;
			buildConfigurationList = 8F3AFCD423570FCF00CDD3F7 /* Build configuration list for PBXNativeTarget "CoutionMap2" */;
			buildPhases = (
				A2743BC5EDA6A3C63D253F44 /* [CP] Check Pods Manifest.lock */,
				8F3AFCBC23570FCE00CDD3F7 /* Sources */,
				8F3AFCBD23570FCE00CDD3F7 /* Frameworks */,
				8F3AFCBE23570FCE00CDD3F7 /* Resources */,
				C332BF134397C5FCD205ECAF /* [CP] Embed Pods Frameworks */,
			);
			buildRules = (
			);
			dependencies = (
			);
			name = CoutionMap2;
			productName = CoutionMap2;
			productReference = 8F3AFCC023570FCE00CDD3F7 /* CoutionMap2.app */;
			productType = "com.apple.product-type.application";
		};
/* End PBXNativeTarget section */

/* Begin PBXProject section */
		8F3AFCB823570FCE00CDD3F7 /* Project object */ = {
			isa = PBXProject;
			attributes = {
				LastSwiftUpdateCheck = 1110;
				LastUpgradeCheck = 1110;
				ORGANIZATIONNAME = t417046;
				TargetAttributes = {
					8F3AFCBF23570FCE00CDD3F7 = {
						CreatedOnToolsVersion = 11.1;
					};
				};
			};
			buildConfigurationList = 8F3AFCBB23570FCE00CDD3F7 /* Build configuration list for PBXProject "CoutionMap2" */;
			compatibilityVersion = "Xcode 9.3";
			developmentRegion = en;
			hasScannedForEncodings = 0;
			knownRegions = (
				en,
				Base,
			);
			mainGroup = 8F3AFCB723570FCE00CDD3F7;
			productRefGroup = 8F3AFCC123570FCE00CDD3F7 /* Products */;
			projectDirPath = "";
			projectRoot = "";
			targets = (
				8F3AFCBF23570FCE00CDD3F7 /* CoutionMap2 */,
			);
		};
/* End PBXProject section */

/* Begin PBXResourcesBuildPhase section */
		8F3AFCBE23570FCE00CDD3F7 /* Resources */ = {
			isa = PBXResourcesBuildPhase;
			buildActionMask = 2147483647;
			files = (
				8F3AFCD023570FCF00CDD3F7 /* LaunchScreen.storyboard in Resources */,
				81F0D53223D99CDB007B4C50 /* GoogleService-Info.plist in Resources */,
				8F3AFCCD23570FCF00CDD3F7 /* Assets.xcassets in Resources */,
				8F3AFCCB23570FCE00CDD3F7 /* Main.storyboard in Resources */,
			);
			runOnlyForDeploymentPostprocessing = 0;
		};
/* End PBXResourcesBuildPhase section */

/* Begin PBXShellScriptBuildPhase section */
		A2743BC5EDA6A3C63D253F44 /* [CP] Check Pods Manifest.lock */ = {
			isa = PBXShellScriptBuildPhase;
			buildActionMask = 2147483647;
			files = (
			);
			inputFileListPaths = (
			);
			inputPaths = (
				"${PODS_PODFILE_DIR_PATH}/Podfile.lock",
				"${PODS_ROOT}/Manifest.lock",
			);
			name = "[CP] Check Pods Manifest.lock";
			outputFileListPaths = (
			);
			outputPaths = (
				"$(DERIVED_FILE_DIR)/Pods-CoutionMap2-checkManifestLockResult.txt",
			);
			runOnlyForDeploymentPostprocessing = 0;
			shellPath = /bin/sh;
			shellScript = "diff \"${PODS_PODFILE_DIR_PATH}/Podfile.lock\" \"${PODS_ROOT}/Manifest.lock\" > /dev/null\nif [ $? != 0 ] ; then\n    # print error to STDERR\n    echo \"error: The sandbox is not in sync with the Podfile.lock. Run 'pod install' or update your CocoaPods installation.\" >&2\n    exit 1\nfi\n# This output is used by Xcode 'outputs' to avoid re-running this script phase.\necho \"SUCCESS\" > \"${SCRIPT_OUTPUT_FILE_0}\"\n";
			showEnvVarsInLog = 0;
		};
		C332BF134397C5FCD205ECAF /* [CP] Embed Pods Frameworks */ = {
			isa = PBXShellScriptBuildPhase;
			buildActionMask = 2147483647;
			files = (
			);
			inputFileListPaths = (
				"${PODS_ROOT}/Target Support Files/Pods-CoutionMap2/Pods-CoutionMap2-frameworks-${CONFIGURATION}-input-files.xcfilelist",
			);
			name = "[CP] Embed Pods Frameworks";
			outputFileListPaths = (
				"${PODS_ROOT}/Target Support Files/Pods-CoutionMap2/Pods-CoutionMap2-frameworks-${CONFIGURATION}-output-files.xcfilelist",
			);
			runOnlyForDeploymentPostprocessing = 0;
			shellPath = /bin/sh;
			shellScript = "\"${PODS_ROOT}/Target Support Files/Pods-CoutionMap2/Pods-CoutionMap2-frameworks.sh\"\n";
			showEnvVarsInLog = 0;
		};
/* End PBXShellScriptBuildPhase section */

/* Begin PBXSourcesBuildPhase section */
		8F3AFCBC23570FCE00CDD3F7 /* Sources */ = {
			isa = PBXSourcesBuildPhase;
			buildActionMask = 2147483647;
			files = (
				810DD0A023E446A6009F127A /* LocationManager.swift in Sources */,
				8F3AFCC823570FCE00CDD3F7 /* ViewController.swift in Sources */,
				8F3AFCC423570FCE00CDD3F7 /* AppDelegate.swift in Sources */,
				8F3AFCC623570FCE00CDD3F7 /* SceneDelegate.swift in Sources */,
			);
			runOnlyForDeploymentPostprocessing = 0;
		};
/* End PBXSourcesBuildPhase section */

/* Begin PBXVariantGroup section */
		8F3AFCC923570FCE00CDD3F7 /* Main.storyboard */ = {
			isa = PBXVariantGroup;
			children = (
				8F3AFCCA23570FCE00CDD3F7 /* Base */,
			);
			name = Main.storyboard;
			sourceTree = "<group>";
		};
		8F3AFCCE23570FCF00CDD3F7 /* LaunchScreen.storyboard */ = {
			isa = PBXVariantGroup;
			children = (
				8F3AFCCF23570FCF00CDD3F7 /* Base */,
			);
			name = LaunchScreen.storyboard;
			sourceTree = "<group>";
		};
/* End PBXVariantGroup section */

/* Begin XCBuildConfiguration section */
		8F3AFCD223570FCF00CDD3F7 /* Debug */ = {
			isa = XCBuildConfiguration;
			buildSettings = {
				ALWAYS_SEARCH_USER_PATHS = NO;
				CLANG_ANALYZER_NONNULL = YES;
				CLANG_ANALYZER_NUMBER_OBJECT_CONVERSION = YES_AGGRESSIVE;
				CLANG_CXX_LANGUAGE_STANDARD = "gnu++14";
				CLANG_CXX_LIBRARY = "libc++";
				CLANG_ENABLE_MODULES = YES;
				CLANG_ENABLE_OBJC_ARC = YES;
				CLANG_ENABLE_OBJC_WEAK = YES;
				CLANG_WARN_BLOCK_CAPTURE_AUTORELEASING = YES;
				CLANG_WARN_BOOL_CONVERSION = YES;
				CLANG_WARN_COMMA = YES;
				CLANG_WARN_CONSTANT_CONVERSION = YES;
				CLANG_WARN_DEPRECATED_OBJC_IMPLEMENTATIONS = YES;
				CLANG_WARN_DIRECT_OBJC_ISA_USAGE = YES_ERROR;
				CLANG_WARN_DOCUMENTATION_COMMENTS = YES;
				CLANG_WARN_EMPTY_BODY = YES;
				CLANG_WARN_ENUM_CONVERSION = YES;
				CLANG_WARN_INFINITE_RECURSION = YES;
				CLANG_WARN_INT_CONVERSION = YES;
				CLANG_WARN_NON_LITERAL_NULL_CONVERSION = YES;
				CLANG_WARN_OBJC_IMPLICIT_RETAIN_SELF = YES;
				CLANG_WARN_OBJC_LITERAL_CONVERSION = YES;
				CLANG_WARN_OBJC_ROOT_CLASS = YES_ERROR;
				CLANG_WARN_RANGE_LOOP_ANALYSIS = YES;
				CLANG_WARN_STRICT_PROTOTYPES = YES;
				CLANG_WARN_SUSPICIOUS_MOVE = YES;
				CLANG_WARN_UNGUARDED_AVAILABILITY = YES_AGGRESSIVE;
				CLANG_WARN_UNREACHABLE_CODE = YES;
				CLANG_WARN__DUPLICATE_METHOD_MATCH = YES;
				COPY_PHASE_STRIP = NO;
				DEBUG_INFORMATION_FORMAT = dwarf;
				ENABLE_STRICT_OBJC_MSGSEND = YES;
				ENABLE_TESTABILITY = YES;
				GCC_C_LANGUAGE_STANDARD = gnu11;
				GCC_DYNAMIC_NO_PIC = NO;
				GCC_NO_COMMON_BLOCKS = YES;
				GCC_OPTIMIZATION_LEVEL = 0;
				GCC_PREPROCESSOR_DEFINITIONS = (
					"DEBUG=1",
					"$(inherited)",
				);
				GCC_WARN_64_TO_32_BIT_CONVERSION = YES;
				GCC_WARN_ABOUT_RETURN_TYPE = YES_ERROR;
				GCC_WARN_UNDECLARED_SELECTOR = YES;
				GCC_WARN_UNINITIALIZED_AUTOS = YES_AGGRESSIVE;
				GCC_WARN_UNUSED_FUNCTION = YES;
				GCC_WARN_UNUSED_VARIABLE = YES;
				IPHONEOS_DEPLOYMENT_TARGET = 13.1;
				MTL_ENABLE_DEBUG_INFO = INCLUDE_SOURCE;
				MTL_FAST_MATH = YES;
				ONLY_ACTIVE_ARCH = YES;
				SDKROOT = iphoneos;
				SWIFT_ACTIVE_COMPILATION_CONDITIONS = DEBUG;
				SWIFT_OPTIMIZATION_LEVEL = "-Onone";
			};
			name = Debug;
		};
		8F3AFCD323570FCF00CDD3F7 /* Release */ = {
			isa = XCBuildConfiguration;
			buildSettings = {
				ALWAYS_SEARCH_USER_PATHS = NO;
				CLANG_ANALYZER_NONNULL = YES;
				CLANG_ANALYZER_NUMBER_OBJECT_CONVERSION = YES_AGGRESSIVE;
				CLANG_CXX_LANGUAGE_STANDARD = "gnu++14";
				CLANG_CXX_LIBRARY = "libc++";
				CLANG_ENABLE_MODULES = YES;
				CLANG_ENABLE_OBJC_ARC = YES;
				CLANG_ENABLE_OBJC_WEAK = YES;
				CLANG_WARN_BLOCK_CAPTURE_AUTORELEASING = YES;
				CLANG_WARN_BOOL_CONVERSION = YES;
				CLANG_WARN_COMMA = YES;
				CLANG_WARN_CONSTANT_CONVERSION = YES;
				CLANG_WARN_DEPRECATED_OBJC_IMPLEMENTATIONS = YES;
				CLANG_WARN_DIRECT_OBJC_ISA_USAGE = YES_ERROR;
				CLANG_WARN_DOCUMENTATION_COMMENTS = YES;
				CLANG_WARN_EMPTY_BODY = YES;
				CLANG_WARN_ENUM_CONVERSION = YES;
				CLANG_WARN_INFINITE_RECURSION = YES;
				CLANG_WARN_INT_CONVERSION = YES;
				CLANG_WARN_NON_LITERAL_NULL_CONVERSION = YES;
				CLANG_WARN_OBJC_IMPLICIT_RETAIN_SELF = YES;
				CLANG_WARN_OBJC_LITERAL_CONVERSION = YES;
				CLANG_WARN_OBJC_ROOT_CLASS = YES_ERROR;
				CLANG_WARN_RANGE_LOOP_ANALYSIS = YES;
				CLANG_WARN_STRICT_PROTOTYPES = YES;
				CLANG_WARN_SUSPICIOUS_MOVE = YES;
				CLANG_WARN_UNGUARDED_AVAILABILITY = YES_AGGRESSIVE;
				CLANG_WARN_UNREACHABLE_CODE = YES;
				CLANG_WARN__DUPLICATE_METHOD_MATCH = YES;
				COPY_PHASE_STRIP = NO;
				DEBUG_INFORMATION_FORMAT = "dwarf-with-dsym";
				ENABLE_NS_ASSERTIONS = NO;
				ENABLE_STRICT_OBJC_MSGSEND = YES;
				GCC_C_LANGUAGE_STANDARD = gnu11;
				GCC_NO_COMMON_BLOCKS = YES;
				GCC_WARN_64_TO_32_BIT_CONVERSION = YES;
				GCC_WARN_ABOUT_RETURN_TYPE = YES_ERROR;
				GCC_WARN_UNDECLARED_SELECTOR = YES;
				GCC_WARN_UNINITIALIZED_AUTOS = YES_AGGRESSIVE;
				GCC_WARN_UNUSED_FUNCTION = YES;
				GCC_WARN_UNUSED_VARIABLE = YES;
				IPHONEOS_DEPLOYMENT_TARGET = 13.1;
				MTL_ENABLE_DEBUG_INFO = NO;
				MTL_FAST_MATH = YES;
				SDKROOT = iphoneos;
				SWIFT_COMPILATION_MODE = wholemodule;
				SWIFT_OPTIMIZATION_LEVEL = "-O";
				VALIDATE_PRODUCT = YES;
			};
			name = Release;
		};
		8F3AFCD523570FCF00CDD3F7 /* Debug */ = {
			isa = XCBuildConfiguration;
			baseConfigurationReference = 005565DB731AC7ABAAE86310 /* Pods-CoutionMap2.debug.xcconfig */;
			buildSettings = {
				ASSETCATALOG_COMPILER_APPICON_NAME = AppIcon;
				CODE_SIGN_STYLE = Automatic;
				DEVELOPMENT_TEAM = QMU36VMQM8;
				INFOPLIST_FILE = CoutionMap2/Info.plist;
				LD_RUNPATH_SEARCH_PATHS = (
					"$(inherited)",
					"@executable_path/Frameworks",
				);
				PRODUCT_BUNDLE_IDENTIFIER = com.ReeStain.CoutionMap2;
				PRODUCT_NAME = "$(TARGET_NAME)";
				SWIFT_VERSION = 5.0;
				TARGETED_DEVICE_FAMILY = "1,2";
			};
			name = Debug;
		};
		8F3AFCD623570FCF00CDD3F7 /* Release */ = {
			isa = XCBuildConfiguration;
			baseConfigurationReference = 79346147BC8DE22085E0ECB4 /* Pods-CoutionMap2.release.xcconfig */;
			buildSettings = {
				ASSETCATALOG_COMPILER_APPICON_NAME = AppIcon;
				CODE_SIGN_STYLE = Automatic;
				DEVELOPMENT_TEAM = QMU36VMQM8;
				INFOPLIST_FILE = CoutionMap2/Info.plist;
				LD_RUNPATH_SEARCH_PATHS = (
					"$(inherited)",
					"@executable_path/Frameworks",
				);
				PRODUCT_BUNDLE_IDENTIFIER = com.ReeStain.CoutionMap2;
				PRODUCT_NAME = "$(TARGET_NAME)";
				SWIFT_VERSION = 5.0;
				TARGETED_DEVICE_FAMILY = "1,2";
			};
			name = Release;
		};
/* End XCBuildConfiguration section */

/* Begin XCConfigurationList section */
		8F3AFCBB23570FCE00CDD3F7 /* Build configuration list for PBXProject "CoutionMap2" */ = {
			isa = XCConfigurationList;
			buildConfigurations = (
				8F3AFCD223570FCF00CDD3F7 /* Debug */,
				8F3AFCD323570FCF00CDD3F7 /* Release */,
			);
			defaultConfigurationIsVisible = 0;
			defaultConfigurationName = Release;
		};
		8F3AFCD423570FCF00CDD3F7 /* Build configuration list for PBXNativeTarget "CoutionMap2" */ = {
			isa = XCConfigurationList;
			buildConfigurations = (
				8F3AFCD523570FCF00CDD3F7 /* Debug */,
				8F3AFCD623570FCF00CDD3F7 /* Release */,
			);
			defaultConfigurationIsVisible = 0;
			defaultConfigurationName = Release;
		};
/* End XCConfigurationList section */
	};
	rootObject = 8F3AFCB823570FCE00CDD3F7 /* Project object */;
}
